
Microsoft Visual Studio Solution File, Format Version 10.00
# Visual Studio 2008
Project("{E24C65DC-7377-472B-9ABA-BC803B73C61A}") = "taobao-app-project", ".", "{378EBDE2-96B3-4338-A6FD-7852B69C27CC}"
	ProjectSection(WebsiteProperties) = preProject
		TargetFramework = "2.0"
		Debug.AspNetCompiler.VirtualPath = "/taobao-app-project"
		Debug.AspNetCompiler.PhysicalPath = "D:\MY\SellerHelp_65020\taobao-app-project\"
		Debug.AspNetCompiler.TargetPath = "PrecompiledWeb\taobao-app-project\"
		Debug.AspNetCompiler.Updateable = "true"
		Debug.AspNetCompiler.ForceOverwrite = "true"
		Debug.AspNetCompiler.FixedNames = "false"
		Debug.AspNetCompiler.Debug = "True"
		Release.AspNetCompiler.VirtualPath = "/taobao-app-project"
		Release.AspNetCompiler.PhysicalPath = "D:\MY\SellerHelp_65020\taobao-app-project\"
		Release.AspNetCompiler.TargetPath = "PrecompiledWeb\taobao-app-project\"
		Release.AspNetCompiler.Updateable = "true"
		Release.AspNetCompiler.ForceOverwrite = "true"
		Release.AspNetCompiler.FixedNames = "false"
		Release.AspNetCompiler.Debug = "False"
		VWDPort = "21486"
	EndProjectSection
EndProject
Global
	GlobalSection(SolutionConfigurationPlatforms) = preSolution
		Debug|.NET = Debug|.NET
	EndGlobalSection
	GlobalSection(ProjectConfigurationPlatforms) = postSolution
		{378EBDE2-96B3-4338-A6FD-7852B69C27CC}.Debug|.NET.ActiveCfg = Debug|.NET
		{378EBDE2-96B3-4338-A6FD-7852B69C27CC}.Debug|.NET.Build.0 = Debug|.NET
	EndGlobalSection
	GlobalSection(SolutionProperties) = preSolution
		HideSolutionNode = FALSE
	EndGlobalSection
EndGlobal
